
Microsoft Visual Studio Solution File, Format Version 12.00
# Visual Studio 15
VisualStudioVersion = 15.0.27703.2026
MinimumVisualStudioVersion = 10.0.40219.1
Project("{FAE04EC0-301F-11D3-BF4B-00C04F79EFBC}") = "acmun", "acmun\acmun.csproj", "{3E3B572C-AD16-4097-8F30-00D5806016F1}"
EndProject
Global
	GlobalSection(SolutionConfigurationPlatforms) = preSolution
		Debug|Any CPU = Debug|Any CPU
		Release|Any CPU = Release|Any CPU
	EndGlobalSection
	GlobalSection(ProjectConfigurationPlatforms) = postSolution
		{3E3B572C-AD16-4097-8F30-00D5806016F1}.Debug|Any CPU.ActiveCfg = Debug|Any CPU
		{3E3B572C-AD16-4097-8F30-00D5806016F1}.Debug|Any CPU.Build.0 = Debug|Any CPU
		{3E3B572C-AD16-4097-8F30-00D5806016F1}.Release|Any CPU.ActiveCfg = Release|Any CPU
		{3E3B572C-AD16-4097-8F30-00D5806016F1}.Release|Any CPU.Build.0 = Release|Any CPU
	EndGlobalSection
	GlobalSection(SolutionProperties) = preSolution
		HideSolutionNode = FALSE
	EndGlobalSection
	GlobalSection(ExtensibilityGlobals) = postSolution
		SolutionGuid = {A7021891-F149-4EB8-AA97-0B2793D76889}
	EndGlobalSection
EndGlobal
